
Microsoft Visual Studio Solution File, Format Version 11.00
# Visual Studio 2010
Project("{CC5FD16D-436D-48AD-A40C-5A424C6E3E79}") = "Ana.Cloud", "AnaWeb\Ana.Cloud.ccproj", "{0C49FA70-B0EE-4871-87C0-534166267048}"
EndProject
Project("{FAE04EC0-301F-11D3-BF4B-00C04F79EFBC}") = "Ana.Worker", "AnaWorkerRole\Ana.Worker.csproj", "{B455BCA1-1104-40A4-9D58-1510469D29AB}"
EndProject
Project("{FAE04EC0-301F-11D3-BF4B-00C04F79EFBC}") = "Ana.Web", "AnaMvcWebRole\Ana.Web.csproj", "{F3EF0287-8279-4D72-824B-146A229C0F2F}"
EndProject
Project("{FAE04EC0-301F-11D3-BF4B-00C04F79EFBC}") = "Ana.Business", "AnaBusinessLogic\Ana.Business.csproj", "{F7DF7EF1-1319-40BD-8B81-8D3B267E8429}"
EndProject
Project("{FAE04EC0-301F-11D3-BF4B-00C04F79EFBC}") = "Ana.Domain", "AnaDomain\Ana.Domain.csproj", "{3FADA9E2-0111-4ABD-B352-D22429BFC5BA}"
EndProject
Project("{FAE04EC0-301F-11D3-BF4B-00C04F79EFBC}") = "Ana.Utils", "Ana.Utils\Ana.Utils.csproj", "{F3DDBE9A-BC95-42D5-9146-22EA1CC8D1D4}"
EndProject
Project("{FAE04EC0-301F-11D3-BF4B-00C04F79EFBC}") = "Ana.Repository", "Ana.Repository\Ana.Repository.csproj", "{8A930E6F-91D2-42EC-AB37-CE68CB9E2148}"
EndProject
Project("{FAE04EC0-301F-11D3-BF4B-00C04F79EFBC}") = "AspProviders", "AspProviders\AspProviders.csproj", "{011811B0-351B-4B66-BC52-D808A8BDDCFA}"
EndProject
Project("{FAE04EC0-301F-11D3-BF4B-00C04F79EFBC}") = "Ana.Contracts", "Ana.Contracts\Ana.Contracts.csproj", "{336C52DD-E26A-4145-9E76-8233A3177E7C}"
EndProject
Project("{2150E333-8FDC-42A3-9474-1A3956D46DE8}") = "Lib", "Lib", "{88BB356C-FB91-4C45-A91B-08C655FFE0DA}"
EndProject
Project("{FAE04EC0-301F-11D3-BF4B-00C04F79EFBC}") = "RepositoryProvider", "RepositoryProvider\RepositoryProvider.csproj", "{C67123F0-BBC3-401A-A143-40FA6159BC67}"
EndProject
Project("{FAE04EC0-301F-11D3-BF4B-00C04F79EFBC}") = "Ana.IoC", "Ana.IoC\Ana.IoC.csproj", "{2367A0A8-14AE-4527-8102-0AE64C2B044F}"
EndProject
Project("{2150E333-8FDC-42A3-9474-1A3956D46DE8}") = "Presentation", "Presentation", "{ECDFCC0B-3701-44C3-AEFE-B18A7C5FDBD5}"
EndProject
Project("{2150E333-8FDC-42A3-9474-1A3956D46DE8}") = "Core", "Core", "{414A058D-7371-45E6-9A00-AB55CEE789BA}"
EndProject
Global
	GlobalSection(SolutionConfigurationPlatforms) = preSolution
		Debug|Any CPU = Debug|Any CPU
		Release|Any CPU = Release|Any CPU
	EndGlobalSection
	GlobalSection(ProjectConfigurationPlatforms) = postSolution
		{0C49FA70-B0EE-4871-87C0-534166267048}.Debug|Any CPU.ActiveCfg = Debug|Any CPU
		{0C49FA70-B0EE-4871-87C0-534166267048}.Debug|Any CPU.Build.0 = Debug|Any CPU
		{0C49FA70-B0EE-4871-87C0-534166267048}.Release|Any CPU.ActiveCfg = Release|Any CPU
		{0C49FA70-B0EE-4871-87C0-534166267048}.Release|Any CPU.Build.0 = Release|Any CPU
		{B455BCA1-1104-40A4-9D58-1510469D29AB}.Debug|Any CPU.ActiveCfg = Debug|Any CPU
		{B455BCA1-1104-40A4-9D58-1510469D29AB}.Debug|Any CPU.Build.0 = Debug|Any CPU
		{B455BCA1-1104-40A4-9D58-1510469D29AB}.Release|Any CPU.ActiveCfg = Release|Any CPU
		{B455BCA1-1104-40A4-9D58-1510469D29AB}.Release|Any CPU.Build.0 = Release|Any CPU
		{F3EF0287-8279-4D72-824B-146A229C0F2F}.Debug|Any CPU.ActiveCfg = Debug|Any CPU
		{F3EF0287-8279-4D72-824B-146A229C0F2F}.Debug|Any CPU.Build.0 = Debug|Any CPU
		{F3EF0287-8279-4D72-824B-146A229C0F2F}.Release|Any CPU.ActiveCfg = Release|Any CPU
		{F3EF0287-8279-4D72-824B-146A229C0F2F}.Release|Any CPU.Build.0 = Release|Any CPU
		{F7DF7EF1-1319-40BD-8B81-8D3B267E8429}.Debug|Any CPU.ActiveCfg = Debug|Any CPU
		{F7DF7EF1-1319-40BD-8B81-8D3B267E8429}.Debug|Any CPU.Build.0 = Debug|Any CPU
		{F7DF7EF1-1319-40BD-8B81-8D3B267E8429}.Release|Any CPU.ActiveCfg = Release|Any CPU
		{F7DF7EF1-1319-40BD-8B81-8D3B267E8429}.Release|Any CPU.Build.0 = Release|Any CPU
		{3FADA9E2-0111-4ABD-B352-D22429BFC5BA}.Debug|Any CPU.ActiveCfg = Debug|Any CPU
		{3FADA9E2-0111-4ABD-B352-D22429BFC5BA}.Debug|Any CPU.Build.0 = Debug|Any CPU
		{3FADA9E2-0111-4ABD-B352-D22429BFC5BA}.Release|Any CPU.ActiveCfg = Release|Any CPU
		{3FADA9E2-0111-4ABD-B352-D22429BFC5BA}.Release|Any CPU.Build.0 = Release|Any CPU
		{F3DDBE9A-BC95-42D5-9146-22EA1CC8D1D4}.Debug|Any CPU.ActiveCfg = Debug|Any CPU
		{F3DDBE9A-BC95-42D5-9146-22EA1CC8D1D4}.Debug|Any CPU.Build.0 = Debug|Any CPU
		{F3DDBE9A-BC95-42D5-9146-22EA1CC8D1D4}.Release|Any CPU.ActiveCfg = Release|Any CPU
		{F3DDBE9A-BC95-42D5-9146-22EA1CC8D1D4}.Release|Any CPU.Build.0 = Release|Any CPU
		{8A930E6F-91D2-42EC-AB37-CE68CB9E2148}.Debug|Any CPU.ActiveCfg = Debug|Any CPU
		{8A930E6F-91D2-42EC-AB37-CE68CB9E2148}.Debug|Any CPU.Build.0 = Debug|Any CPU
		{8A930E6F-91D2-42EC-AB37-CE68CB9E2148}.Release|Any CPU.ActiveCfg = Release|Any CPU
		{8A930E6F-91D2-42EC-AB37-CE68CB9E2148}.Release|Any CPU.Build.0 = Release|Any CPU
		{011811B0-351B-4B66-BC52-D808A8BDDCFA}.Debug|Any CPU.ActiveCfg = Debug|Any CPU
		{011811B0-351B-4B66-BC52-D808A8BDDCFA}.Debug|Any CPU.Build.0 = Debug|Any CPU
		{011811B0-351B-4B66-BC52-D808A8BDDCFA}.Release|Any CPU.ActiveCfg = Release|Any CPU
		{011811B0-351B-4B66-BC52-D808A8BDDCFA}.Release|Any CPU.Build.0 = Release|Any CPU
		{336C52DD-E26A-4145-9E76-8233A3177E7C}.Debug|Any CPU.ActiveCfg = Debug|Any CPU
		{336C52DD-E26A-4145-9E76-8233A3177E7C}.Debug|Any CPU.Build.0 = Debug|Any CPU
		{336C52DD-E26A-4145-9E76-8233A3177E7C}.Release|Any CPU.ActiveCfg = Release|Any CPU
		{336C52DD-E26A-4145-9E76-8233A3177E7C}.Release|Any CPU.Build.0 = Release|Any CPU
		{C67123F0-BBC3-401A-A143-40FA6159BC67}.Debug|Any CPU.ActiveCfg = Debug|Any CPU
		{C67123F0-BBC3-401A-A143-40FA6159BC67}.Debug|Any CPU.Build.0 = Debug|Any CPU
		{C67123F0-BBC3-401A-A143-40FA6159BC67}.Release|Any CPU.ActiveCfg = Release|Any CPU
		{C67123F0-BBC3-401A-A143-40FA6159BC67}.Release|Any CPU.Build.0 = Release|Any CPU
		{2367A0A8-14AE-4527-8102-0AE64C2B044F}.Debug|Any CPU.ActiveCfg = Debug|Any CPU
		{2367A0A8-14AE-4527-8102-0AE64C2B044F}.Debug|Any CPU.Build.0 = Debug|Any CPU
		{2367A0A8-14AE-4527-8102-0AE64C2B044F}.Release|Any CPU.ActiveCfg = Release|Any CPU
		{2367A0A8-14AE-4527-8102-0AE64C2B044F}.Release|Any CPU.Build.0 = Release|Any CPU
	EndGlobalSection
	GlobalSection(SolutionProperties) = preSolution
		HideSolutionNode = FALSE
	EndGlobalSection
	GlobalSection(NestedProjects) = preSolution
		{F3EF0287-8279-4D72-824B-146A229C0F2F} = {ECDFCC0B-3701-44C3-AEFE-B18A7C5FDBD5}
		{B455BCA1-1104-40A4-9D58-1510469D29AB} = {ECDFCC0B-3701-44C3-AEFE-B18A7C5FDBD5}
		{3FADA9E2-0111-4ABD-B352-D22429BFC5BA} = {414A058D-7371-45E6-9A00-AB55CEE789BA}
		{8A930E6F-91D2-42EC-AB37-CE68CB9E2148} = {414A058D-7371-45E6-9A00-AB55CEE789BA}
		{336C52DD-E26A-4145-9E76-8233A3177E7C} = {414A058D-7371-45E6-9A00-AB55CEE789BA}
		{2367A0A8-14AE-4527-8102-0AE64C2B044F} = {414A058D-7371-45E6-9A00-AB55CEE789BA}
		{F7DF7EF1-1319-40BD-8B81-8D3B267E8429} = {414A058D-7371-45E6-9A00-AB55CEE789BA}
		{011811B0-351B-4B66-BC52-D808A8BDDCFA} = {88BB356C-FB91-4C45-A91B-08C655FFE0DA}
		{F3DDBE9A-BC95-42D5-9146-22EA1CC8D1D4} = {88BB356C-FB91-4C45-A91B-08C655FFE0DA}
		{C67123F0-BBC3-401A-A143-40FA6159BC67} = {88BB356C-FB91-4C45-A91B-08C655FFE0DA}
	EndGlobalSection
EndGlobal
